// !$*UTF8*$!
{
	archiveVersion = 1;
	classes = {
	};
	objectVersion = 56;
	objects = {

/* Begin PBXBuildFile section */
		5B09F1932C7CD4C40044BD8C /* WalkingTracker.swift in Sources */ = {isa = PBXBuildFile; fileRef = 5B09F1922C7CD4C40044BD8C /* WalkingTracker.swift */; };
		5B09F19B2C7CDF540044BD8C /* WidgetKit.framework in Frameworks */ = {isa = PBXBuildFile; fileRef = 5B09F19A2C7CDF540044BD8C /* WidgetKit.framework */; };
		5B09F19D2C7CDF540044BD8C /* SwiftUI.framework in Frameworks */ = {isa = PBXBuildFile; fileRef = 5B09F19C2C7CDF540044BD8C /* SwiftUI.framework */; };
		5B09F1A02C7CDF540044BD8C /* LiveActivityWidgetBundle.swift in Sources */ = {isa = PBXBuildFile; fileRef = 5B09F19F2C7CDF540044BD8C /* LiveActivityWidgetBundle.swift */; };
		5B09F1A42C7CDF540044BD8C /* LiveActivityWidget.swift in Sources */ = {isa = PBXBuildFile; fileRef = 5B09F1A32C7CDF540044BD8C /* LiveActivityWidget.swift */; };
		5B09F1A82C7CDF560044BD8C /* Assets.xcassets in Resources */ = {isa = PBXBuildFile; fileRef = 5B09F1A72C7CDF560044BD8C /* Assets.xcassets */; };
		5B09F1AC2C7CDF560044BD8C /* LiveActivityWidgetExtension.appex in Embed Foundation Extensions */ = {isa = PBXBuildFile; fileRef = 5B09F1982C7CDF540044BD8C /* LiveActivityWidgetExtension.appex */; settings = {ATTRIBUTES = (RemoveHeadersOnCopy, ); }; };
		5B09F1B12C7CDFE10044BD8C /* WalkingActivityView.swift in Sources */ = {isa = PBXBuildFile; fileRef = 5B09F18F2C7CD2AB0044BD8C /* WalkingActivityView.swift */; };
		5B09F1B42C7D159C0044BD8C /* WalkingActivityAttributes.swift in Sources */ = {isa = PBXBuildFile; fileRef = 5B09F1B32C7D159C0044BD8C /* WalkingActivityAttributes.swift */; };
		5B09F1B52C7D15A30044BD8C /* WalkingActivityAttributes.swift in Sources */ = {isa = PBXBuildFile; fileRef = 5B09F1B32C7D159C0044BD8C /* WalkingActivityAttributes.swift */; };
		5B09F1B72C7D342E0044BD8C /* PhotoService.swift in Sources */ = {isa = PBXBuildFile; fileRef = 5B09F1B62C7D342E0044BD8C /* PhotoService.swift */; };
		5B09F1B92C7E42350044BD8C /* ToggleActivityButtonView.swift in Sources */ = {isa = PBXBuildFile; fileRef = 5B09F1B82C7E42340044BD8C /* ToggleActivityButtonView.swift */; };
		5B09F1BB2C7E43C80044BD8C /* ImageWithOverlay.swift in Sources */ = {isa = PBXBuildFile; fileRef = 5B09F1BA2C7E43C80044BD8C /* ImageWithOverlay.swift */; };
		5B09F1BD2C7E44C40044BD8C /* ErrorBannerView.swift in Sources */ = {isa = PBXBuildFile; fileRef = 5B09F1BC2C7E44C40044BD8C /* ErrorBannerView.swift */; };
		5B09F1BF2C7E44FE0044BD8C /* ApiKeyInputOverlay.swift in Sources */ = {isa = PBXBuildFile; fileRef = 5B09F1BE2C7E44FE0044BD8C /* ApiKeyInputOverlay.swift */; };
		5B09F1C12C7E48430044BD8C /* EmptyView.swift in Sources */ = {isa = PBXBuildFile; fileRef = 5B09F1C02C7E48430044BD8C /* EmptyView.swift */; };
		5B09F1C32C7E48770044BD8C /* ListView.swift in Sources */ = {isa = PBXBuildFile; fileRef = 5B09F1C22C7E48770044BD8C /* ListView.swift */; };
		5B09F1C52C7E49290044BD8C /* ClearButton.swift in Sources */ = {isa = PBXBuildFile; fileRef = 5B09F1C42C7E49290044BD8C /* ClearButton.swift */; };
		5B09F1C82C7E519E0044BD8C /* PhotoError.swift in Sources */ = {isa = PBXBuildFile; fileRef = 5B09F1C72C7E519E0044BD8C /* PhotoError.swift */; };
		5B09F1CC2C7E7E720044BD8C /* ErrorHandlingPhotoService.swift in Sources */ = {isa = PBXBuildFile; fileRef = 5B09F1CB2C7E7E720044BD8C /* ErrorHandlingPhotoService.swift */; };
		5B09F1CE2C7E7E910044BD8C /* CompositionalLocationManager.swift in Sources */ = {isa = PBXBuildFile; fileRef = 5B09F1CD2C7E7E910044BD8C /* CompositionalLocationManager.swift */; };
		5B09F1D02C7E7EA60044BD8C /* ErrorHandling.swift in Sources */ = {isa = PBXBuildFile; fileRef = 5B09F1CF2C7E7EA60044BD8C /* ErrorHandling.swift */; };
		5B49FD6C2C86F8E9000539B4 /* GeoFetchTask.swift in Sources */ = {isa = PBXBuildFile; fileRef = 5B49FD6B2C86F8E9000539B4 /* GeoFetchTask.swift */; };
		5B52D6682C791F02005365E2 /* GeosnapApp.swift in Sources */ = {isa = PBXBuildFile; fileRef = 5B52D6672C791F02005365E2 /* GeosnapApp.swift */; };
		5B52D66A2C791F02005365E2 /* MainView.swift in Sources */ = {isa = PBXBuildFile; fileRef = 5B52D6692C791F02005365E2 /* MainView.swift */; };
		5B52D66C2C791F02005365E2 /* StoredPhoto.swift in Sources */ = {isa = PBXBuildFile; fileRef = 5B52D66B2C791F02005365E2 /* StoredPhoto.swift */; };
		5B52D66E2C791F04005365E2 /* Assets.xcassets in Resources */ = {isa = PBXBuildFile; fileRef = 5B52D66D2C791F04005365E2 /* Assets.xcassets */; };
		5B52D6712C791F04005365E2 /* Preview Assets.xcassets in Resources */ = {isa = PBXBuildFile; fileRef = 5B52D6702C791F04005365E2 /* Preview Assets.xcassets */; };
		5B52D67B2C791F04005365E2 /* FlickPhotoServiceTests.swift in Sources */ = {isa = PBXBuildFile; fileRef = 5B52D67A2C791F04005365E2 /* FlickPhotoServiceTests.swift */; };
		5B83DE4E2C7B2E4E00DDB69F /* FlickPhotoService.swift in Sources */ = {isa = PBXBuildFile; fileRef = 5B83DE4D2C7B2E4E00DDB69F /* FlickPhotoService.swift */; };
		5B83DE502C7B369C00DDB69F /* FlickrPhotoResponseTests.swift in Sources */ = {isa = PBXBuildFile; fileRef = 5B83DE4F2C7B369C00DDB69F /* FlickrPhotoResponseTests.swift */; };
		5B83DE522C7B383300DDB69F /* FlickrServiceJSONEntities.swift in Sources */ = {isa = PBXBuildFile; fileRef = 5B83DE512C7B383300DDB69F /* FlickrServiceJSONEntities.swift */; };
		5B83DE552C7BF3A200DDB69F /* Photo+URLResolution.swift in Sources */ = {isa = PBXBuildFile; fileRef = 5B83DE542C7BF3A200DDB69F /* Photo+URLResolution.swift */; };
		5B83DE572C7BFA8D00DDB69F /* ImageStorage.swift in Sources */ = {isa = PBXBuildFile; fileRef = 5B83DE562C7BFA8D00DDB69F /* ImageStorage.swift */; };
		5B83DE5A2C7C068800DDB69F /* LocationManager.swift in Sources */ = {isa = PBXBuildFile; fileRef = 5B83DE592C7C068800DDB69F /* LocationManager.swift */; };
		5B83DE5D2C7CBC6F00DDB69F /* LocationTracking.swift in Sources */ = {isa = PBXBuildFile; fileRef = 5B83DE5C2C7CBC6F00DDB69F /* LocationTracking.swift */; };
/* End PBXBuildFile section */

/* Begin PBXContainerItemProxy section */
		5B09F1AA2C7CDF560044BD8C /* PBXContainerItemProxy */ = {
			isa = PBXContainerItemProxy;
			containerPortal = 5B52D65C2C791F02005365E2 /* Project object */;
			proxyType = 1;
			remoteGlobalIDString = 5B09F1972C7CDF540044BD8C;
			remoteInfo = LiveActivityWidgetExtension;
		};
		5B52D6772C791F04005365E2 /* PBXContainerItemProxy */ = {
			isa = PBXContainerItemProxy;
			containerPortal = 5B52D65C2C791F02005365E2 /* Project object */;
			proxyType = 1;
			remoteGlobalIDString = 5B52D6632C791F02005365E2;
			remoteInfo = geosnap;
		};
/* End PBXContainerItemProxy section */

/* Begin PBXCopyFilesBuildPhase section */
		5B09F1B02C7CDF560044BD8C /* Embed Foundation Extensions */ = {
			isa = PBXCopyFilesBuildPhase;
			buildActionMask = 2147483647;
			dstPath = "";
			dstSubfolderSpec = 13;
			files = (
				5B09F1AC2C7CDF560044BD8C /* LiveActivityWidgetExtension.appex in Embed Foundation Extensions */,
			);
			name = "Embed Foundation Extensions";
			runOnlyForDeploymentPostprocessing = 0;
		};
/* End PBXCopyFilesBuildPhase section */

/* Begin PBXFileReference section */
		5B09F18F2C7CD2AB0044BD8C /* WalkingActivityView.swift */ = {isa = PBXFileReference; lastKnownFileType = sourcecode.swift; path = WalkingActivityView.swift; sourceTree = "<group>"; };
		5B09F1922C7CD4C40044BD8C /* WalkingTracker.swift */ = {isa = PBXFileReference; lastKnownFileType = sourcecode.swift; path = WalkingTracker.swift; sourceTree = "<group>"; };
		5B09F1982C7CDF540044BD8C /* LiveActivityWidgetExtension.appex */ = {isa = PBXFileReference; explicitFileType = "wrapper.app-extension"; includeInIndex = 0; path = LiveActivityWidgetExtension.appex; sourceTree = BUILT_PRODUCTS_DIR; };
		5B09F19A2C7CDF540044BD8C /* WidgetKit.framework */ = {isa = PBXFileReference; lastKnownFileType = wrapper.framework; name = WidgetKit.framework; path = System/Library/Frameworks/WidgetKit.framework; sourceTree = SDKROOT; };
		5B09F19C2C7CDF540044BD8C /* SwiftUI.framework */ = {isa = PBXFileReference; lastKnownFileType = wrapper.framework; name = SwiftUI.framework; path = System/Library/Frameworks/SwiftUI.framework; sourceTree = SDKROOT; };
		5B09F19F2C7CDF540044BD8C /* LiveActivityWidgetBundle.swift */ = {isa = PBXFileReference; lastKnownFileType = sourcecode.swift; path = LiveActivityWidgetBundle.swift; sourceTree = "<group>"; };
		5B09F1A32C7CDF540044BD8C /* LiveActivityWidget.swift */ = {isa = PBXFileReference; lastKnownFileType = sourcecode.swift; path = LiveActivityWidget.swift; sourceTree = "<group>"; };
		5B09F1A72C7CDF560044BD8C /* Assets.xcassets */ = {isa = PBXFileReference; lastKnownFileType = folder.assetcatalog; path = Assets.xcassets; sourceTree = "<group>"; };
		5B09F1A92C7CDF560044BD8C /* Info.plist */ = {isa = PBXFileReference; lastKnownFileType = text.plist.xml; path = Info.plist; sourceTree = "<group>"; };
		5B09F1B32C7D159C0044BD8C /* WalkingActivityAttributes.swift */ = {isa = PBXFileReference; lastKnownFileType = sourcecode.swift; path = WalkingActivityAttributes.swift; sourceTree = "<group>"; };
		5B09F1B62C7D342E0044BD8C /* PhotoService.swift */ = {isa = PBXFileReference; lastKnownFileType = sourcecode.swift; path = PhotoService.swift; sourceTree = "<group>"; };
		5B09F1B82C7E42340044BD8C /* ToggleActivityButtonView.swift */ = {isa = PBXFileReference; lastKnownFileType = sourcecode.swift; path = ToggleActivityButtonView.swift; sourceTree = "<group>"; };
		5B09F1BA2C7E43C80044BD8C /* ImageWithOverlay.swift */ = {isa = PBXFileReference; lastKnownFileType = sourcecode.swift; path = ImageWithOverlay.swift; sourceTree = "<group>"; };
		5B09F1BC2C7E44C40044BD8C /* ErrorBannerView.swift */ = {isa = PBXFileReference; lastKnownFileType = sourcecode.swift; path = ErrorBannerView.swift; sourceTree = "<group>"; };
		5B09F1BE2C7E44FE0044BD8C /* ApiKeyInputOverlay.swift */ = {isa = PBXFileReference; lastKnownFileType = sourcecode.swift; path = ApiKeyInputOverlay.swift; sourceTree = "<group>"; };
		5B09F1C02C7E48430044BD8C /* EmptyView.swift */ = {isa = PBXFileReference; lastKnownFileType = sourcecode.swift; path = EmptyView.swift; sourceTree = "<group>"; };
		5B09F1C22C7E48770044BD8C /* ListView.swift */ = {isa = PBXFileReference; lastKnownFileType = sourcecode.swift; path = ListView.swift; sourceTree = "<group>"; };
		5B09F1C42C7E49290044BD8C /* ClearButton.swift */ = {isa = PBXFileReference; lastKnownFileType = sourcecode.swift; path = ClearButton.swift; sourceTree = "<group>"; };
		5B09F1C72C7E519E0044BD8C /* PhotoError.swift */ = {isa = PBXFileReference; lastKnownFileType = sourcecode.swift; path = PhotoError.swift; sourceTree = "<group>"; };
		5B09F1CA2C7E52D20044BD8C /* geosnap.xctestplan */ = {isa = PBXFileReference; lastKnownFileType = text; path = geosnap.xctestplan; sourceTree = "<group>"; };
		5B09F1CB2C7E7E720044BD8C /* ErrorHandlingPhotoService.swift */ = {isa = PBXFileReference; lastKnownFileType = sourcecode.swift; path = ErrorHandlingPhotoService.swift; sourceTree = "<group>"; };
		5B09F1CD2C7E7E910044BD8C /* CompositionalLocationManager.swift */ = {isa = PBXFileReference; lastKnownFileType = sourcecode.swift; path = CompositionalLocationManager.swift; sourceTree = "<group>"; };
		5B09F1CF2C7E7EA60044BD8C /* ErrorHandling.swift */ = {isa = PBXFileReference; lastKnownFileType = sourcecode.swift; path = ErrorHandling.swift; sourceTree = "<group>"; };
		5B49FD6B2C86F8E9000539B4 /* GeoFetchTask.swift */ = {isa = PBXFileReference; lastKnownFileType = sourcecode.swift; path = GeoFetchTask.swift; sourceTree = "<group>"; };
		5B52D6642C791F02005365E2 /* geosnap.app */ = {isa = PBXFileReference; explicitFileType = wrapper.application; includeInIndex = 0; path = geosnap.app; sourceTree = BUILT_PRODUCTS_DIR; };
		5B52D6672C791F02005365E2 /* GeosnapApp.swift */ = {isa = PBXFileReference; lastKnownFileType = sourcecode.swift; path = GeosnapApp.swift; sourceTree = "<group>"; };
		5B52D6692C791F02005365E2 /* MainView.swift */ = {isa = PBXFileReference; lastKnownFileType = sourcecode.swift; path = MainView.swift; sourceTree = "<group>"; };
		5B52D66B2C791F02005365E2 /* StoredPhoto.swift */ = {isa = PBXFileReference; lastKnownFileType = sourcecode.swift; path = StoredPhoto.swift; sourceTree = "<group>"; };
		5B52D66D2C791F04005365E2 /* Assets.xcassets */ = {isa = PBXFileReference; lastKnownFileType = folder.assetcatalog; path = Assets.xcassets; sourceTree = "<group>"; };
		5B52D6702C791F04005365E2 /* Preview Assets.xcassets */ = {isa = PBXFileReference; lastKnownFileType = folder.assetcatalog; path = "Preview Assets.xcassets"; sourceTree = "<group>"; };
		5B52D6762C791F04005365E2 /* geosnapTests.xctest */ = {isa = PBXFileReference; explicitFileType = wrapper.cfbundle; includeInIndex = 0; path = geosnapTests.xctest; sourceTree = BUILT_PRODUCTS_DIR; };
		5B52D67A2C791F04005365E2 /* FlickPhotoServiceTests.swift */ = {isa = PBXFileReference; lastKnownFileType = sourcecode.swift; path = FlickPhotoServiceTests.swift; sourceTree = "<group>"; };
		5B83DE4D2C7B2E4E00DDB69F /* FlickPhotoService.swift */ = {isa = PBXFileReference; lastKnownFileType = sourcecode.swift; path = FlickPhotoService.swift; sourceTree = "<group>"; };
		5B83DE4F2C7B369C00DDB69F /* FlickrPhotoResponseTests.swift */ = {isa = PBXFileReference; lastKnownFileType = sourcecode.swift; path = FlickrPhotoResponseTests.swift; sourceTree = "<group>"; };
		5B83DE512C7B383300DDB69F /* FlickrServiceJSONEntities.swift */ = {isa = PBXFileReference; lastKnownFileType = sourcecode.swift; path = FlickrServiceJSONEntities.swift; sourceTree = "<group>"; };
		5B83DE542C7BF3A200DDB69F /* Photo+URLResolution.swift */ = {isa = PBXFileReference; lastKnownFileType = sourcecode.swift; path = "Photo+URLResolution.swift"; sourceTree = "<group>"; };
		5B83DE562C7BFA8D00DDB69F /* ImageStorage.swift */ = {isa = PBXFileReference; lastKnownFileType = sourcecode.swift; path = ImageStorage.swift; sourceTree = "<group>"; };
		5B83DE592C7C068800DDB69F /* LocationManager.swift */ = {isa = PBXFileReference; lastKnownFileType = sourcecode.swift; path = LocationManager.swift; sourceTree = "<group>"; };
		5B83DE5B2C7C0CC800DDB69F /* Info.plist */ = {isa = PBXFileReference; lastKnownFileType = text.plist; path = Info.plist; sourceTree = "<group>"; };
		5B83DE5C2C7CBC6F00DDB69F /* LocationTracking.swift */ = {isa = PBXFileReference; lastKnownFileType = sourcecode.swift; path = LocationTracking.swift; sourceTree = "<group>"; };
/* End PBXFileReference section */

/* Begin PBXFrameworksBuildPhase section */
		5B09F1952C7CDF540044BD8C /* Frameworks */ = {
			isa = PBXFrameworksBuildPhase;
			buildActionMask = 2147483647;
			files = (
				5B09F19D2C7CDF540044BD8C /* SwiftUI.framework in Frameworks */,
				5B09F19B2C7CDF540044BD8C /* WidgetKit.framework in Frameworks */,
			);
			runOnlyForDeploymentPostprocessing = 0;
		};
		5B52D6612C791F02005365E2 /* Frameworks */ = {
			isa = PBXFrameworksBuildPhase;
			buildActionMask = 2147483647;
			files = (
			);
			runOnlyForDeploymentPostprocessing = 0;
		};
		5B52D6732C791F04005365E2 /* Frameworks */ = {
			isa = PBXFrameworksBuildPhase;
			buildActionMask = 2147483647;
			files = (
			);
			runOnlyForDeploymentPostprocessing = 0;
		};
/* End PBXFrameworksBuildPhase section */

/* Begin PBXGroup section */
		5B09F18E2C7CD26D0044BD8C /* UI */ = {
			isa = PBXGroup;
			children = (
				5B52D6692C791F02005365E2 /* MainView.swift */,
				5B09F1B82C7E42340044BD8C /* ToggleActivityButtonView.swift */,
				5B09F1BA2C7E43C80044BD8C /* ImageWithOverlay.swift */,
				5B09F1BC2C7E44C40044BD8C /* ErrorBannerView.swift */,
				5B09F1BE2C7E44FE0044BD8C /* ApiKeyInputOverlay.swift */,
				5B09F1C02C7E48430044BD8C /* EmptyView.swift */,
				5B09F1C22C7E48770044BD8C /* ListView.swift */,
				5B09F1C42C7E49290044BD8C /* ClearButton.swift */,
			);
			path = UI;
			sourceTree = "<group>";
		};
		5B09F1912C7CD4B70044BD8C /* LifeActivity */ = {
			isa = PBXGroup;
			children = (
				5B09F1922C7CD4C40044BD8C /* WalkingTracker.swift */,
				5B09F1B32C7D159C0044BD8C /* WalkingActivityAttributes.swift */,
			);
			path = LifeActivity;
			sourceTree = "<group>";
		};
		5B09F1992C7CDF540044BD8C /* Frameworks */ = {
			isa = PBXGroup;
			children = (
				5B09F19A2C7CDF540044BD8C /* WidgetKit.framework */,
				5B09F19C2C7CDF540044BD8C /* SwiftUI.framework */,
			);
			name = Frameworks;
			sourceTree = "<group>";
		};
		5B09F19E2C7CDF540044BD8C /* LiveActivityWidget */ = {
			isa = PBXGroup;
			children = (
				5B09F18F2C7CD2AB0044BD8C /* WalkingActivityView.swift */,
				5B09F19F2C7CDF540044BD8C /* LiveActivityWidgetBundle.swift */,
				5B09F1A32C7CDF540044BD8C /* LiveActivityWidget.swift */,
				5B09F1A72C7CDF560044BD8C /* Assets.xcassets */,
				5B09F1A92C7CDF560044BD8C /* Info.plist */,
			);
			path = LiveActivityWidget;
			sourceTree = "<group>";
		};
		5B09F1C62C7E50DF0044BD8C /* Main */ = {
			isa = PBXGroup;
			children = (
				5B52D6672C791F02005365E2 /* GeosnapApp.swift */,
				5B09F1CB2C7E7E720044BD8C /* ErrorHandlingPhotoService.swift */,
				5B09F1CD2C7E7E910044BD8C /* CompositionalLocationManager.swift */,
				5B09F1CF2C7E7EA60044BD8C /* ErrorHandling.swift */,
				5B49FD6B2C86F8E9000539B4 /* GeoFetchTask.swift */,
			);
			path = Main;
			sourceTree = "<group>";
		};
		5B09F1C92C7E52050044BD8C /* StorageModel */ = {
			isa = PBXGroup;
			children = (
				5B52D66B2C791F02005365E2 /* StoredPhoto.swift */,
			);
			path = StorageModel;
			sourceTree = "<group>";
		};
		5B52D65B2C791F02005365E2 = {
			isa = PBXGroup;
			children = (
				5B09F1CA2C7E52D20044BD8C /* geosnap.xctestplan */,
				5B52D6662C791F02005365E2 /* geosnap */,
				5B52D6792C791F04005365E2 /* geosnapTests */,
				5B09F19E2C7CDF540044BD8C /* LiveActivityWidget */,
				5B09F1992C7CDF540044BD8C /* Frameworks */,
				5B52D6652C791F02005365E2 /* Products */,
			);
			sourceTree = "<group>";
		};
		5B52D6652C791F02005365E2 /* Products */ = {
			isa = PBXGroup;
			children = (
				5B52D6642C791F02005365E2 /* geosnap.app */,
				5B52D6762C791F04005365E2 /* geosnapTests.xctest */,
				5B09F1982C7CDF540044BD8C /* LiveActivityWidgetExtension.appex */,
			);
			name = Products;
			sourceTree = "<group>";
		};
		5B52D6662C791F02005365E2 /* geosnap */ = {
			isa = PBXGroup;
			children = (
				5B09F1C62C7E50DF0044BD8C /* Main */,
				5B09F1912C7CD4B70044BD8C /* LifeActivity */,
				5B09F18E2C7CD26D0044BD8C /* UI */,
				5B83DE582C7C067400DDB69F /* MotionHandling */,
				5B83DE532C7BF36C00DDB69F /* DataHandling */,
				5B83DE4C2C7B2E2D00DDB69F /* Networking */,
				5B83DE5B2C7C0CC800DDB69F /* Info.plist */,
				5B52D66D2C791F04005365E2 /* Assets.xcassets */,
				5B52D66F2C791F04005365E2 /* Preview Content */,
			);
			path = geosnap;
			sourceTree = "<group>";
		};
		5B52D66F2C791F04005365E2 /* Preview Content */ = {
			isa = PBXGroup;
			children = (
				5B52D6702C791F04005365E2 /* Preview Assets.xcassets */,
			);
			path = "Preview Content";
			sourceTree = "<group>";
		};
		5B52D6792C791F04005365E2 /* geosnapTests */ = {
			isa = PBXGroup;
			children = (
				5B52D67A2C791F04005365E2 /* FlickPhotoServiceTests.swift */,
				5B83DE4F2C7B369C00DDB69F /* FlickrPhotoResponseTests.swift */,
			);
			path = geosnapTests;
			sourceTree = "<group>";
		};
		5B83DE4C2C7B2E2D00DDB69F /* Networking */ = {
			isa = PBXGroup;
			children = (
				5B09F1B62C7D342E0044BD8C /* PhotoService.swift */,
				5B09F1C72C7E519E0044BD8C /* PhotoError.swift */,
				5B83DE4D2C7B2E4E00DDB69F /* FlickPhotoService.swift */,
				5B83DE512C7B383300DDB69F /* FlickrServiceJSONEntities.swift */,
			);
			path = Networking;
			sourceTree = "<group>";
		};
		5B83DE532C7BF36C00DDB69F /* DataHandling */ = {
			isa = PBXGroup;
			children = (
				5B09F1C92C7E52050044BD8C /* StorageModel */,
				5B83DE542C7BF3A200DDB69F /* Photo+URLResolution.swift */,
				5B83DE562C7BFA8D00DDB69F /* ImageStorage.swift */,
			);
			path = DataHandling;
			sourceTree = "<group>";
		};
		5B83DE582C7C067400DDB69F /* MotionHandling */ = {
			isa = PBXGroup;
			children = (
				5B83DE592C7C068800DDB69F /* LocationManager.swift */,
				5B83DE5C2C7CBC6F00DDB69F /* LocationTracking.swift */,
			);
			path = MotionHandling;
			sourceTree = "<group>";
		};
/* End PBXGroup section */

/* Begin PBXNativeTarget section */
		5B09F1972C7CDF540044BD8C /* LiveActivityWidgetExtension */ = {
			isa = PBXNativeTarget;
			buildConfigurationList = 5B09F1AD2C7CDF560044BD8C /* Build configuration list for PBXNativeTarget "LiveActivityWidgetExtension" */;
			buildPhases = (
				5B09F1942C7CDF540044BD8C /* Sources */,
				5B09F1952C7CDF540044BD8C /* Frameworks */,
				5B09F1962C7CDF540044BD8C /* Resources */,
			);
			buildRules = (
			);
			dependencies = (
			);
			name = LiveActivityWidgetExtension;
			productName = LiveActivityWidgetExtension;
			productReference = 5B09F1982C7CDF540044BD8C /* LiveActivityWidgetExtension.appex */;
			productType = "com.apple.product-type.app-extension";
		};
		5B52D6632C791F02005365E2 /* geosnap */ = {
			isa = PBXNativeTarget;
			buildConfigurationList = 5B52D68A2C791F04005365E2 /* Build configuration list for PBXNativeTarget "geosnap" */;
			buildPhases = (
				5B52D6602C791F02005365E2 /* Sources */,
				5B52D6612C791F02005365E2 /* Frameworks */,
				5B52D6622C791F02005365E2 /* Resources */,
				5B09F1B02C7CDF560044BD8C /* Embed Foundation Extensions */,
			);
			buildRules = (
			);
			dependencies = (
				5B09F1AB2C7CDF560044BD8C /* PBXTargetDependency */,
			);
			name = geosnap;
			productName = geosnap;
			productReference = 5B52D6642C791F02005365E2 /* geosnap.app */;
			productType = "com.apple.product-type.application";
		};
		5B52D6752C791F04005365E2 /* geosnapTests */ = {
			isa = PBXNativeTarget;
			buildConfigurationList = 5B52D68D2C791F04005365E2 /* Build configuration list for PBXNativeTarget "geosnapTests" */;
			buildPhases = (
				5B52D6722C791F04005365E2 /* Sources */,
				5B52D6732C791F04005365E2 /* Frameworks */,
				5B52D6742C791F04005365E2 /* Resources */,
			);
			buildRules = (
			);
			dependencies = (
				5B52D6782C791F04005365E2 /* PBXTargetDependency */,
			);
			name = geosnapTests;
			productName = geosnapTests;
			productReference = 5B52D6762C791F04005365E2 /* geosnapTests.xctest */;
			productType = "com.apple.product-type.bundle.unit-test";
		};
/* End PBXNativeTarget section */

/* Begin PBXProject section */
		5B52D65C2C791F02005365E2 /* Project object */ = {
			isa = PBXProject;
			attributes = {
				BuildIndependentTargetsInParallel = 1;
				LastSwiftUpdateCheck = 1540;
				LastUpgradeCheck = 1540;
				TargetAttributes = {
					5B09F1972C7CDF540044BD8C = {
						CreatedOnToolsVersion = 15.4;
					};
					5B52D6632C791F02005365E2 = {
						CreatedOnToolsVersion = 15.4;
					};
					5B52D6752C791F04005365E2 = {
						CreatedOnToolsVersion = 15.4;
						TestTargetID = 5B52D6632C791F02005365E2;
					};
				};
			};
			buildConfigurationList = 5B52D65F2C791F02005365E2 /* Build configuration list for PBXProject "geosnap" */;
			compatibilityVersion = "Xcode 14.0";
			developmentRegion = en;
			hasScannedForEncodings = 0;
			knownRegions = (
				en,
				Base,
			);
			mainGroup = 5B52D65B2C791F02005365E2;
			productRefGroup = 5B52D6652C791F02005365E2 /* Products */;
			projectDirPath = "";
			projectRoot = "";
			targets = (
				5B52D6632C791F02005365E2 /* geosnap */,
				5B52D6752C791F04005365E2 /* geosnapTests */,
				5B09F1972C7CDF540044BD8C /* LiveActivityWidgetExtension */,
			);
		};
/* End PBXProject section */

/* Begin PBXResourcesBuildPhase section */
		5B09F1962C7CDF540044BD8C /* Resources */ = {
			isa = PBXResourcesBuildPhase;
			buildActionMask = 2147483647;
			files = (
				5B09F1A82C7CDF560044BD8C /* Assets.xcassets in Resources */,
			);
			runOnlyForDeploymentPostprocessing = 0;
		};
		5B52D6622C791F02005365E2 /* Resources */ = {
			isa = PBXResourcesBuildPhase;
			buildActionMask = 2147483647;
			files = (
				5B52D6712C791F04005365E2 /* Preview Assets.xcassets in Resources */,
				5B52D66E2C791F04005365E2 /* Assets.xcassets in Resources */,
			);
			runOnlyForDeploymentPostprocessing = 0;
		};
		5B52D6742C791F04005365E2 /* Resources */ = {
			isa = PBXResourcesBuildPhase;
			buildActionMask = 2147483647;
			files = (
			);
			runOnlyForDeploymentPostprocessing = 0;
		};
/* End PBXResourcesBuildPhase section */

/* Begin PBXSourcesBuildPhase section */
		5B09F1942C7CDF540044BD8C /* Sources */ = {
			isa = PBXSourcesBuildPhase;
			buildActionMask = 2147483647;
			files = (
				5B09F1A02C7CDF540044BD8C /* LiveActivityWidgetBundle.swift in Sources */,
				5B09F1A42C7CDF540044BD8C /* LiveActivityWidget.swift in Sources */,
				5B09F1B12C7CDFE10044BD8C /* WalkingActivityView.swift in Sources */,
				5B09F1B52C7D15A30044BD8C /* WalkingActivityAttributes.swift in Sources */,
			);
			runOnlyForDeploymentPostprocessing = 0;
		};
		5B52D6602C791F02005365E2 /* Sources */ = {
			isa = PBXSourcesBuildPhase;
			buildActionMask = 2147483647;
			files = (
				5B09F1CC2C7E7E720044BD8C /* ErrorHandlingPhotoService.swift in Sources */,
				5B83DE552C7BF3A200DDB69F /* Photo+URLResolution.swift in Sources */,
				5B83DE5D2C7CBC6F00DDB69F /* LocationTracking.swift in Sources */,
				5B09F1932C7CD4C40044BD8C /* WalkingTracker.swift in Sources */,
				5B09F1D02C7E7EA60044BD8C /* ErrorHandling.swift in Sources */,
				5B83DE572C7BFA8D00DDB69F /* ImageStorage.swift in Sources */,
				5B09F1BB2C7E43C80044BD8C /* ImageWithOverlay.swift in Sources */,
				5B52D66A2C791F02005365E2 /* MainView.swift in Sources */,
				5B52D66C2C791F02005365E2 /* StoredPhoto.swift in Sources */,
				5B09F1C12C7E48430044BD8C /* EmptyView.swift in Sources */,
				5B09F1C32C7E48770044BD8C /* ListView.swift in Sources */,
				5B83DE5A2C7C068800DDB69F /* LocationManager.swift in Sources */,
				5B83DE4E2C7B2E4E00DDB69F /* FlickPhotoService.swift in Sources */,
				5B09F1C82C7E519E0044BD8C /* PhotoError.swift in Sources */,
				5B09F1B72C7D342E0044BD8C /* PhotoService.swift in Sources */,
				5B09F1BF2C7E44FE0044BD8C /* ApiKeyInputOverlay.swift in Sources */,
				5B52D6682C791F02005365E2 /* GeosnapApp.swift in Sources */,
				5B09F1C52C7E49290044BD8C /* ClearButton.swift in Sources */,
				5B09F1BD2C7E44C40044BD8C /* ErrorBannerView.swift in Sources */,
				5B09F1CE2C7E7E910044BD8C /* CompositionalLocationManager.swift in Sources */,
				5B09F1B92C7E42350044BD8C /* ToggleActivityButtonView.swift in Sources */,
				5B49FD6C2C86F8E9000539B4 /* GeoFetchTask.swift in Sources */,
				5B83DE522C7B383300DDB69F /* FlickrServiceJSONEntities.swift in Sources */,
				5B09F1B42C7D159C0044BD8C /* WalkingActivityAttributes.swift in Sources */,
			);
			runOnlyForDeploymentPostprocessing = 0;
		};
		5B52D6722C791F04005365E2 /* Sources */ = {
			isa = PBXSourcesBuildPhase;
			buildActionMask = 2147483647;
			files = (
				5B83DE502C7B369C00DDB69F /* FlickrPhotoResponseTests.swift in Sources */,
				5B52D67B2C791F04005365E2 /* FlickPhotoServiceTests.swift in Sources */,
			);
			runOnlyForDeploymentPostprocessing = 0;
		};
/* End PBXSourcesBuildPhase section */

/* Begin PBXTargetDependency section */
		5B09F1AB2C7CDF560044BD8C /* PBXTargetDependency */ = {
			isa = PBXTargetDependency;
			target = 5B09F1972C7CDF540044BD8C /* LiveActivityWidgetExtension */;
			targetProxy = 5B09F1AA2C7CDF560044BD8C /* PBXContainerItemProxy */;
		};
		5B52D6782C791F04005365E2 /* PBXTargetDependency */ = {
			isa = PBXTargetDependency;
			target = 5B52D6632C791F02005365E2 /* geosnap */;
			targetProxy = 5B52D6772C791F04005365E2 /* PBXContainerItemProxy */;
		};
/* End PBXTargetDependency section */

/* Begin XCBuildConfiguration section */
		5B09F1AE2C7CDF560044BD8C /* Debug */ = {
			isa = XCBuildConfiguration;
			buildSettings = {
				ASSETCATALOG_COMPILER_GLOBAL_ACCENT_COLOR_NAME = AccentColor;
				ASSETCATALOG_COMPILER_WIDGET_BACKGROUND_COLOR_NAME = WidgetBackground;
				CODE_SIGN_IDENTITY = "Apple Development";
				CODE_SIGN_STYLE = Automatic;
				CURRENT_PROJECT_VERSION = 1;
				DEVELOPMENT_TEAM = RU5U8BC26T;
				GENERATE_INFOPLIST_FILE = YES;
				INFOPLIST_FILE = LiveActivityWidget/Info.plist;
				INFOPLIST_KEY_CFBundleDisplayName = LiveActivityWidget;
				INFOPLIST_KEY_NSHumanReadableCopyright = "";
				LD_RUNPATH_SEARCH_PATHS = (
					"$(inherited)",
					"@executable_path/Frameworks",
					"@executable_path/../../Frameworks",
				);
				MARKETING_VERSION = 1.0;
				PRODUCT_BUNDLE_IDENTIFIER = dev.halonso.geosnap.lifeActivity;
				PRODUCT_NAME = "$(TARGET_NAME)";
				SKIP_INSTALL = YES;
				SWIFT_EMIT_LOC_STRINGS = YES;
				SWIFT_VERSION = 5.0;
				TARGETED_DEVICE_FAMILY = "1,2";
			};
			name = Debug;
		};
		5B09F1AF2C7CDF560044BD8C /* Release */ = {
			isa = XCBuildConfiguration;
			buildSettings = {
				ASSETCATALOG_COMPILER_GLOBAL_ACCENT_COLOR_NAME = AccentColor;
				ASSETCATALOG_COMPILER_WIDGET_BACKGROUND_COLOR_NAME = WidgetBackground;
				CODE_SIGN_IDENTITY = "Apple Development";
				CODE_SIGN_STYLE = Automatic;
				CURRENT_PROJECT_VERSION = 1;
				DEVELOPMENT_TEAM = RU5U8BC26T;
				GENERATE_INFOPLIST_FILE = YES;
				INFOPLIST_FILE = LiveActivityWidget/Info.plist;
				INFOPLIST_KEY_CFBundleDisplayName = LiveActivityWidget;
				INFOPLIST_KEY_NSHumanReadableCopyright = "";
				LD_RUNPATH_SEARCH_PATHS = (
					"$(inherited)",
					"@executable_path/Frameworks",
					"@executable_path/../../Frameworks",
				);
				MARKETING_VERSION = 1.0;
				PRODUCT_BUNDLE_IDENTIFIER = dev.halonso.geosnap.lifeActivity;
				PRODUCT_NAME = "$(TARGET_NAME)";
				SKIP_INSTALL = YES;
				SWIFT_EMIT_LOC_STRINGS = YES;
				SWIFT_VERSION = 5.0;
				TARGETED_DEVICE_FAMILY = "1,2";
			};
			name = Release;
		};
		5B52D6882C791F04005365E2 /* Debug */ = {
			isa = XCBuildConfiguration;
			buildSettings = {
				ALWAYS_SEARCH_USER_PATHS = NO;
				ASSETCATALOG_COMPILER_GENERATE_SWIFT_ASSET_SYMBOL_EXTENSIONS = YES;
				CLANG_ANALYZER_NONNULL = YES;
				CLANG_ANALYZER_NUMBER_OBJECT_CONVERSION = YES_AGGRESSIVE;
				CLANG_CXX_LANGUAGE_STANDARD = "gnu++20";
				CLANG_ENABLE_MODULES = YES;
				CLANG_ENABLE_OBJC_ARC = YES;
				CLANG_ENABLE_OBJC_WEAK = YES;
				CLANG_WARN_BLOCK_CAPTURE_AUTORELEASING = YES;
				CLANG_WARN_BOOL_CONVERSION = YES;
				CLANG_WARN_COMMA = YES;
				CLANG_WARN_CONSTANT_CONVERSION = YES;
				CLANG_WARN_DEPRECATED_OBJC_IMPLEMENTATIONS = YES;
				CLANG_WARN_DIRECT_OBJC_ISA_USAGE = YES_ERROR;
				CLANG_WARN_DOCUMENTATION_COMMENTS = YES;
				CLANG_WARN_EMPTY_BODY = YES;
				CLANG_WARN_ENUM_CONVERSION = YES;
				CLANG_WARN_INFINITE_RECURSION = YES;
				CLANG_WARN_INT_CONVERSION = YES;
				CLANG_WARN_NON_LITERAL_NULL_CONVERSION = YES;
				CLANG_WARN_OBJC_IMPLICIT_RETAIN_SELF = YES;
				CLANG_WARN_OBJC_LITERAL_CONVERSION = YES;
				CLANG_WARN_OBJC_ROOT_CLASS = YES_ERROR;
				CLANG_WARN_QUOTED_INCLUDE_IN_FRAMEWORK_HEADER = YES;
				CLANG_WARN_RANGE_LOOP_ANALYSIS = YES;
				CLANG_WARN_STRICT_PROTOTYPES = YES;
				CLANG_WARN_SUSPICIOUS_MOVE = YES;
				CLANG_WARN_UNGUARDED_AVAILABILITY = YES_AGGRESSIVE;
				CLANG_WARN_UNREACHABLE_CODE = YES;
				CLANG_WARN__DUPLICATE_METHOD_MATCH = YES;
				COPY_PHASE_STRIP = NO;
				DEBUG_INFORMATION_FORMAT = dwarf;
				ENABLE_STRICT_OBJC_MSGSEND = YES;
				ENABLE_TESTABILITY = YES;
				ENABLE_USER_SCRIPT_SANDBOXING = YES;
				GCC_C_LANGUAGE_STANDARD = gnu17;
				GCC_DYNAMIC_NO_PIC = NO;
				GCC_NO_COMMON_BLOCKS = YES;
				GCC_OPTIMIZATION_LEVEL = 0;
				GCC_PREPROCESSOR_DEFINITIONS = (
					"DEBUG=1",
					"$(inherited)",
				);
				GCC_WARN_64_TO_32_BIT_CONVERSION = YES;
				GCC_WARN_ABOUT_RETURN_TYPE = YES_ERROR;
				GCC_WARN_UNDECLARED_SELECTOR = YES;
				GCC_WARN_UNINITIALIZED_AUTOS = YES_AGGRESSIVE;
				GCC_WARN_UNUSED_FUNCTION = YES;
				GCC_WARN_UNUSED_VARIABLE = YES;
				IPHONEOS_DEPLOYMENT_TARGET = 17.5;
				LOCALIZATION_PREFERS_STRING_CATALOGS = YES;
				MTL_ENABLE_DEBUG_INFO = INCLUDE_SOURCE;
				MTL_FAST_MATH = YES;
				ONLY_ACTIVE_ARCH = YES;
				SDKROOT = iphoneos;
				SWIFT_ACTIVE_COMPILATION_CONDITIONS = "DEBUG $(inherited)";
				SWIFT_OPTIMIZATION_LEVEL = "-Onone";
			};
			name = Debug;
		};
		5B52D6892C791F04005365E2 /* Release */ = {
			isa = XCBuildConfiguration;
			buildSettings = {
				ALWAYS_SEARCH_USER_PATHS = NO;
				ASSETCATALOG_COMPILER_GENERATE_SWIFT_ASSET_SYMBOL_EXTENSIONS = YES;
				CLANG_ANALYZER_NONNULL = YES;
				CLANG_ANALYZER_NUMBER_OBJECT_CONVERSION = YES_AGGRESSIVE;
				CLANG_CXX_LANGUAGE_STANDARD = "gnu++20";
				CLANG_ENABLE_MODULES = YES;
				CLANG_ENABLE_OBJC_ARC = YES;
				CLANG_ENABLE_OBJC_WEAK = YES;
				CLANG_WARN_BLOCK_CAPTURE_AUTORELEASING = YES;
				CLANG_WARN_BOOL_CONVERSION = YES;
				CLANG_WARN_COMMA = YES;
				CLANG_WARN_CONSTANT_CONVERSION = YES;
				CLANG_WARN_DEPRECATED_OBJC_IMPLEMENTATIONS = YES;
				CLANG_WARN_DIRECT_OBJC_ISA_USAGE = YES_ERROR;
				CLANG_WARN_DOCUMENTATION_COMMENTS = YES;
				CLANG_WARN_EMPTY_BODY = YES;
				CLANG_WARN_ENUM_CONVERSION = YES;
				CLANG_WARN_INFINITE_RECURSION = YES;
				CLANG_WARN_INT_CONVERSION = YES;
				CLANG_WARN_NON_LITERAL_NULL_CONVERSION = YES;
				CLANG_WARN_OBJC_IMPLICIT_RETAIN_SELF = YES;
				CLANG_WARN_OBJC_LITERAL_CONVERSION = YES;
				CLANG_WARN_OBJC_ROOT_CLASS = YES_ERROR;
				CLANG_WARN_QUOTED_INCLUDE_IN_FRAMEWORK_HEADER = YES;
				CLANG_WARN_RANGE_LOOP_ANALYSIS = YES;
				CLANG_WARN_STRICT_PROTOTYPES = YES;
				CLANG_WARN_SUSPICIOUS_MOVE = YES;
				CLANG_WARN_UNGUARDED_AVAILABILITY = YES_AGGRESSIVE;
				CLANG_WARN_UNREACHABLE_CODE = YES;
				CLANG_WARN__DUPLICATE_METHOD_MATCH = YES;
				COPY_PHASE_STRIP = NO;
				DEBUG_INFORMATION_FORMAT = "dwarf-with-dsym";
				ENABLE_NS_ASSERTIONS = NO;
				ENABLE_STRICT_OBJC_MSGSEND = YES;
				ENABLE_USER_SCRIPT_SANDBOXING = YES;
				GCC_C_LANGUAGE_STANDARD = gnu17;
				GCC_NO_COMMON_BLOCKS = YES;
				GCC_WARN_64_TO_32_BIT_CONVERSION = YES;
				GCC_WARN_ABOUT_RETURN_TYPE = YES_ERROR;
				GCC_WARN_UNDECLARED_SELECTOR = YES;
				GCC_WARN_UNINITIALIZED_AUTOS = YES_AGGRESSIVE;
				GCC_WARN_UNUSED_FUNCTION = YES;
				GCC_WARN_UNUSED_VARIABLE = YES;
				IPHONEOS_DEPLOYMENT_TARGET = 17.5;
				LOCALIZATION_PREFERS_STRING_CATALOGS = YES;
				MTL_ENABLE_DEBUG_INFO = NO;
				MTL_FAST_MATH = YES;
				SDKROOT = iphoneos;
				SWIFT_COMPILATION_MODE = wholemodule;
				VALIDATE_PRODUCT = YES;
			};
			name = Release;
		};
		5B52D68B2C791F04005365E2 /* Debug */ = {
			isa = XCBuildConfiguration;
			buildSettings = {
				ALWAYS_EMBED_SWIFT_STANDARD_LIBRARIES = YES;
				ASSETCATALOG_COMPILER_APPICON_NAME = AppIcon;
				ASSETCATALOG_COMPILER_GLOBAL_ACCENT_COLOR_NAME = AccentColor;
				CODE_SIGN_IDENTITY = "Apple Development";
				CODE_SIGN_STYLE = Automatic;
				CURRENT_PROJECT_VERSION = 1;
				DEVELOPMENT_ASSET_PATHS = "\"geosnap/Preview Content\"";
				DEVELOPMENT_TEAM = RU5U8BC26T;
				ENABLE_PREVIEWS = YES;
				GENERATE_INFOPLIST_FILE = YES;
				INFOPLIST_FILE = geosnap/Info.plist;
				INFOPLIST_KEY_CFBundleDisplayName = GeoSnap;
				INFOPLIST_KEY_LSApplicationCategoryType = "public.app-category.photography";
				INFOPLIST_KEY_UIApplicationSceneManifest_Generation = YES;
				INFOPLIST_KEY_UIApplicationSupportsIndirectInputEvents = YES;
				INFOPLIST_KEY_UILaunchScreen_Generation = YES;
				INFOPLIST_KEY_UISupportedInterfaceOrientations_iPad = "UIInterfaceOrientationPortrait UIInterfaceOrientationPortraitUpsideDown UIInterfaceOrientationLandscapeLeft UIInterfaceOrientationLandscapeRight";
				INFOPLIST_KEY_UISupportedInterfaceOrientations_iPhone = "UIInterfaceOrientationPortrait UIInterfaceOrientationLandscapeLeft UIInterfaceOrientationLandscapeRight";
				LD_RUNPATH_SEARCH_PATHS = (
					"$(inherited)",
					"@executable_path/Frameworks",
				);
				MARKETING_VERSION = 1.0;
				PRODUCT_BUNDLE_IDENTIFIER = dev.halonso.geosnap;
				PRODUCT_NAME = "$(TARGET_NAME)";
				PROVISIONING_PROFILE_SPECIFIER = "";
				SWIFT_EMIT_LOC_STRINGS = YES;
				SWIFT_VERSION = 5.0;
				TARGETED_DEVICE_FAMILY = "1,2";
			};
			name = Debug;
		};
		5B52D68C2C791F04005365E2 /* Release */ = {
			isa = XCBuildConfiguration;
			buildSettings = {
				ALWAYS_EMBED_SWIFT_STANDARD_LIBRARIES = YES;
				ASSETCATALOG_COMPILER_APPICON_NAME = AppIcon;
				ASSETCATALOG_COMPILER_GLOBAL_ACCENT_COLOR_NAME = AccentColor;
				CODE_SIGN_IDENTITY = "Apple Development";
				CODE_SIGN_STYLE = Automatic;
				CURRENT_PROJECT_VERSION = 1;
				DEVELOPMENT_ASSET_PATHS = "\"geosnap/Preview Content\"";
				DEVELOPMENT_TEAM = RU5U8BC26T;
				ENABLE_PREVIEWS = YES;
				GENERATE_INFOPLIST_FILE = YES;
				INFOPLIST_FILE = geosnap/Info.plist;
				INFOPLIST_KEY_CFBundleDisplayName = GeoSnap;
				INFOPLIST_KEY_LSApplicationCategoryType = "public.app-category.photography";
				INFOPLIST_KEY_UIApplicationSceneManifest_Generation = YES;
				INFOPLIST_KEY_UIApplicationSupportsIndirectInputEvents = YES;
				INFOPLIST_KEY_UILaunchScreen_Generation = YES;
				INFOPLIST_KEY_UISupportedInterfaceOrientations_iPad = "UIInterfaceOrientationPortrait UIInterfaceOrientationPortraitUpsideDown UIInterfaceOrientationLandscapeLeft UIInterfaceOrientationLandscapeRight";
				INFOPLIST_KEY_UISupportedInterfaceOrientations_iPhone = "UIInterfaceOrientationPortrait UIInterfaceOrientationLandscapeLeft UIInterfaceOrientationLandscapeRight";
				LD_RUNPATH_SEARCH_PATHS = (
					"$(inherited)",
					"@executable_path/Frameworks",
				);
				MARKETING_VERSION = 1.0;
				PRODUCT_BUNDLE_IDENTIFIER = dev.halonso.geosnap;
				PRODUCT_NAME = "$(TARGET_NAME)";
				PROVISIONING_PROFILE_SPECIFIER = "";
				SWIFT_EMIT_LOC_STRINGS = YES;
				SWIFT_VERSION = 5.0;
				TARGETED_DEVICE_FAMILY = "1,2";
			};
			name = Release;
		};
		5B52D68E2C791F04005365E2 /* Debug */ = {
			isa = XCBuildConfiguration;
			buildSettings = {
				ALWAYS_EMBED_SWIFT_STANDARD_LIBRARIES = YES;
				BUNDLE_LOADER = "$(TEST_HOST)";
				"CODE_SIGN_IDENTITY[sdk=macosx*]" = "-";
				CODE_SIGN_STYLE = Automatic;
				CURRENT_PROJECT_VERSION = 1;
				DEVELOPMENT_TEAM = RU5U8BC26T;
				GENERATE_INFOPLIST_FILE = YES;
				IPHONEOS_DEPLOYMENT_TARGET = 17.5;
				MARKETING_VERSION = 1.0;
				PRODUCT_BUNDLE_IDENTIFIER = dev.halonso.geosnapTests;
				PRODUCT_NAME = "$(TARGET_NAME)";
				SWIFT_EMIT_LOC_STRINGS = NO;
				SWIFT_VERSION = 5.0;
				TARGETED_DEVICE_FAMILY = "1,2";
				TEST_HOST = "$(BUILT_PRODUCTS_DIR)/geosnap.app/$(BUNDLE_EXECUTABLE_FOLDER_PATH)/geosnap";
			};
			name = Debug;
		};
		5B52D68F2C791F04005365E2 /* Release */ = {
			isa = XCBuildConfiguration;
			buildSettings = {
				ALWAYS_EMBED_SWIFT_STANDARD_LIBRARIES = YES;
				BUNDLE_LOADER = "$(TEST_HOST)";
				"CODE_SIGN_IDENTITY[sdk=macosx*]" = "-";
				CODE_SIGN_STYLE = Automatic;
				CURRENT_PROJECT_VERSION = 1;
				DEVELOPMENT_TEAM = RU5U8BC26T;
				GENERATE_INFOPLIST_FILE = YES;
				IPHONEOS_DEPLOYMENT_TARGET = 17.5;
				MARKETING_VERSION = 1.0;
				PRODUCT_BUNDLE_IDENTIFIER = dev.halonso.geosnapTests;
				PRODUCT_NAME = "$(TARGET_NAME)";
				SWIFT_EMIT_LOC_STRINGS = NO;
				SWIFT_VERSION = 5.0;
				TARGETED_DEVICE_FAMILY = "1,2";
				TEST_HOST = "$(BUILT_PRODUCTS_DIR)/geosnap.app/$(BUNDLE_EXECUTABLE_FOLDER_PATH)/geosnap";
			};
			name = Release;
		};
/* End XCBuildConfiguration section */

/* Begin XCConfigurationList section */
		5B09F1AD2C7CDF560044BD8C /* Build configuration list for PBXNativeTarget "LiveActivityWidgetExtension" */ = {
			isa = XCConfigurationList;
			buildConfigurations = (
				5B09F1AE2C7CDF560044BD8C /* Debug */,
				5B09F1AF2C7CDF560044BD8C /* Release */,
			);
			defaultConfigurationIsVisible = 0;
			defaultConfigurationName = Release;
		};
		5B52D65F2C791F02005365E2 /* Build configuration list for PBXProject "geosnap" */ = {
			isa = XCConfigurationList;
			buildConfigurations = (
				5B52D6882C791F04005365E2 /* Debug */,
				5B52D6892C791F04005365E2 /* Release */,
			);
			defaultConfigurationIsVisible = 0;
			defaultConfigurationName = Release;
		};
		5B52D68A2C791F04005365E2 /* Build configuration list for PBXNativeTarget "geosnap" */ = {
			isa = XCConfigurationList;
			buildConfigurations = (
				5B52D68B2C791F04005365E2 /* Debug */,
				5B52D68C2C791F04005365E2 /* Release */,
			);
			defaultConfigurationIsVisible = 0;
			defaultConfigurationName = Release;
		};
		5B52D68D2C791F04005365E2 /* Build configuration list for PBXNativeTarget "geosnapTests" */ = {
			isa = XCConfigurationList;
			buildConfigurations = (
				5B52D68E2C791F04005365E2 /* Debug */,
				5B52D68F2C791F04005365E2 /* Release */,
			);
			defaultConfigurationIsVisible = 0;
			defaultConfigurationName = Release;
		};
/* End XCConfigurationList section */
	};
	rootObject = 5B52D65C2C791F02005365E2 /* Project object */;
}
